
Microsoft Visual Studio Solution File, Format Version 12.00
# Visual Studio Version 17
VisualStudioVersion = 17.9.34616.47
MinimumVisualStudioVersion = 10.0.40219.1
Project("{FAE04EC0-301F-11D3-BF4B-00C04F79EFBC}") = "MyBlog-IoTAutomation.BussinesLayer", "MyBlog-IoTAutomation.BussinesLayer\MyBlog-IoTAutomation.BussinesLayer.csproj", "{16988666-79F9-458B-B25E-952B0B0E7904}"
EndProject
Project("{FAE04EC0-301F-11D3-BF4B-00C04F79EFBC}") = "MyBlog-IoTAutomation.DataAccessLayer", "MyBlog-IoTAutomation.DataAccessLayer\MyBlog-IoTAutomation.DataAccessLayer.csproj", "{9E997D4F-780F-4838-8A85-B6A7C097C08A}"
EndProject
Project("{FAE04EC0-301F-11D3-BF4B-00C04F79EFBC}") = "MyBlog-IoTAutomation.EntityLayer", "MyBlog-IoTAutomation.EntityLayer\MyBlog-IoTAutomation.EntityLayer.csproj", "{FB658F20-4AE7-40A8-829A-9056435583B1}"
EndProject
Project("{FAE04EC0-301F-11D3-BF4B-00C04F79EFBC}") = "MyBlog-IoTAutomation.WebUILayer", "MyBlog-IoTAutomation.WebUILayer\MyBlog-IoTAutomation.WebUILayer.csproj", "{5E0E3230-395E-458E-A7A4-03FC6FB5EB50}"
EndProject
Project("{FAE04EC0-301F-11D3-BF4B-00C04F79EFBC}") = "MyBlog-IoTAutomation.Test", "MyBlog-IoTAutomation.Test\MyBlog-IoTAutomation.Test.csproj", "{73337CC2-BFD0-4360-99D6-D33BF3939FA7}"
EndProject
Global
	GlobalSection(SolutionConfigurationPlatforms) = preSolution
		Debug|Any CPU = Debug|Any CPU
		Release|Any CPU = Release|Any CPU
	EndGlobalSection
	GlobalSection(ProjectConfigurationPlatforms) = postSolution
		{16988666-79F9-458B-B25E-952B0B0E7904}.Debug|Any CPU.ActiveCfg = Debug|Any CPU
		{16988666-79F9-458B-B25E-952B0B0E7904}.Debug|Any CPU.Build.0 = Debug|Any CPU
		{16988666-79F9-458B-B25E-952B0B0E7904}.Release|Any CPU.ActiveCfg = Release|Any CPU
		{16988666-79F9-458B-B25E-952B0B0E7904}.Release|Any CPU.Build.0 = Release|Any CPU
		{9E997D4F-780F-4838-8A85-B6A7C097C08A}.Debug|Any CPU.ActiveCfg = Debug|Any CPU
		{9E997D4F-780F-4838-8A85-B6A7C097C08A}.Debug|Any CPU.Build.0 = Debug|Any CPU
		{9E997D4F-780F-4838-8A85-B6A7C097C08A}.Release|Any CPU.ActiveCfg = Release|Any CPU
		{9E997D4F-780F-4838-8A85-B6A7C097C08A}.Release|Any CPU.Build.0 = Release|Any CPU
		{FB658F20-4AE7-40A8-829A-9056435583B1}.Debug|Any CPU.ActiveCfg = Debug|Any CPU
		{FB658F20-4AE7-40A8-829A-9056435583B1}.Debug|Any CPU.Build.0 = Debug|Any CPU
		{FB658F20-4AE7-40A8-829A-9056435583B1}.Release|Any CPU.ActiveCfg = Release|Any CPU
		{FB658F20-4AE7-40A8-829A-9056435583B1}.Release|Any CPU.Build.0 = Release|Any CPU
		{5E0E3230-395E-458E-A7A4-03FC6FB5EB50}.Debug|Any CPU.ActiveCfg = Debug|Any CPU
		{5E0E3230-395E-458E-A7A4-03FC6FB5EB50}.Debug|Any CPU.Build.0 = Debug|Any CPU
		{5E0E3230-395E-458E-A7A4-03FC6FB5EB50}.Release|Any CPU.ActiveCfg = Release|Any CPU
		{5E0E3230-395E-458E-A7A4-03FC6FB5EB50}.Release|Any CPU.Build.0 = Release|Any CPU
		{73337CC2-BFD0-4360-99D6-D33BF3939FA7}.Debug|Any CPU.ActiveCfg = Debug|Any CPU
		{73337CC2-BFD0-4360-99D6-D33BF3939FA7}.Debug|Any CPU.Build.0 = Debug|Any CPU
		{73337CC2-BFD0-4360-99D6-D33BF3939FA7}.Release|Any CPU.ActiveCfg = Release|Any CPU
		{73337CC2-BFD0-4360-99D6-D33BF3939FA7}.Release|Any CPU.Build.0 = Release|Any CPU
	EndGlobalSection
	GlobalSection(SolutionProperties) = preSolution
		HideSolutionNode = FALSE
	EndGlobalSection
	GlobalSection(ExtensibilityGlobals) = postSolution
		SolutionGuid = {FC30B8C4-E86D-4324-A546-CD67B08A3740}
	EndGlobalSection
EndGlobal
